// !$*UTF8*$!
{
	archiveVersion = 1;
	classes = {
	};
	objectVersion = 56;
	objects = {

/* Begin PBXBuildFile section */
		015EA7912906D77700CEEED1 /* AppDelegate.swift in Sources */ = {isa = PBXBuildFile; fileRef = 015EA7902906D77700CEEED1 /* AppDelegate.swift */; };
		015EA7932906D77700CEEED1 /* SceneDelegate.swift in Sources */ = {isa = PBXBuildFile; fileRef = 015EA7922906D77700CEEED1 /* SceneDelegate.swift */; };
		015EA7982906D77700CEEED1 /* Main.storyboard in Resources */ = {isa = PBXBuildFile; fileRef = 015EA7962906D77700CEEED1 /* Main.storyboard */; };
		015EA79A2906D77800CEEED1 /* Assets.xcassets in Resources */ = {isa = PBXBuildFile; fileRef = 015EA7992906D77800CEEED1 /* Assets.xcassets */; };
		015EA79D2906D77800CEEED1 /* LaunchScreen.storyboard in Resources */ = {isa = PBXBuildFile; fileRef = 015EA79B2906D77800CEEED1 /* LaunchScreen.storyboard */; };
		015EA7A82906D77900CEEED1 /* Sips_BitesTests.swift in Sources */ = {isa = PBXBuildFile; fileRef = 015EA7A72906D77900CEEED1 /* Sips_BitesTests.swift */; };
		015EA7B22906D77900CEEED1 /* Sips_BitesUITests.swift in Sources */ = {isa = PBXBuildFile; fileRef = 015EA7B12906D77900CEEED1 /* Sips_BitesUITests.swift */; };
		015EA7B42906D77900CEEED1 /* Sips_BitesUITestsLaunchTests.swift in Sources */ = {isa = PBXBuildFile; fileRef = 015EA7B32906D77900CEEED1 /* Sips_BitesUITestsLaunchTests.swift */; };
		015EA7C12906D7C500CEEED1 /* Sips&BitesVC.swift in Sources */ = {isa = PBXBuildFile; fileRef = 015EA7C02906D7C500CEEED1 /* Sips&BitesVC.swift */; };
		015EA7C32906E73000CEEED1 /* menuVC.swift in Sources */ = {isa = PBXBuildFile; fileRef = 015EA7C22906E73000CEEED1 /* menuVC.swift */; };
		01A8B5D52907FEAD00FDE75E /* daniaVC.swift in Sources */ = {isa = PBXBuildFile; fileRef = 01A8B5D42907FEAC00FDE75E /* daniaVC.swift */; };
		01A8B5D72907FEBE00FDE75E /* cocktaileVC.swift in Sources */ = {isa = PBXBuildFile; fileRef = 01A8B5D62907FEBE00FDE75E /* cocktaileVC.swift */; };
		01A8B5D92907FED600FDE75E /* userVC.swift in Sources */ = {isa = PBXBuildFile; fileRef = 01A8B5D82907FED600FDE75E /* userVC.swift */; };
		981E4320291A992F00B4AA78 /* UzytkownikClass.swift in Sources */ = {isa = PBXBuildFile; fileRef = 981E431F291A992F00B4AA78 /* UzytkownikClass.swift */; };
		988DEB9E2917E7A000FEF727 /* skladnikClass.swift in Sources */ = {isa = PBXBuildFile; fileRef = 988DEB9D2917E7A000FEF727 /* skladnikClass.swift */; };
		988FDCD62916F4D3004F9470 /* QuestionableDesignChoices.swift in Sources */ = {isa = PBXBuildFile; fileRef = 988FDCD52916F4D3004F9470 /* QuestionableDesignChoices.swift */; };
		988FDCDA2916FE1A004F9470 /* PrzepisClass.swift in Sources */ = {isa = PBXBuildFile; fileRef = 988FDCD92916FE1A004F9470 /* PrzepisClass.swift */; };
		98DD74C529194BD3008F602E /* DanieClass.swift in Sources */ = {isa = PBXBuildFile; fileRef = 98DD74C429194BD3008F602E /* DanieClass.swift */; };
		98DD74C729194CE5008F602E /* CocktailClass.swift in Sources */ = {isa = PBXBuildFile; fileRef = 98DD74C629194CE5008F602E /* CocktailClass.swift */; };
/* End PBXBuildFile section */

/* Begin PBXContainerItemProxy section */
		015EA7A42906D77900CEEED1 /* PBXContainerItemProxy */ = {
			isa = PBXContainerItemProxy;
			containerPortal = 015EA7852906D77600CEEED1 /* Project object */;
			proxyType = 1;
			remoteGlobalIDString = 015EA78C2906D77700CEEED1;
			remoteInfo = "Sips&Bites";
		};
		015EA7AE2906D77900CEEED1 /* PBXContainerItemProxy */ = {
			isa = PBXContainerItemProxy;
			containerPortal = 015EA7852906D77600CEEED1 /* Project object */;
			proxyType = 1;
			remoteGlobalIDString = 015EA78C2906D77700CEEED1;
			remoteInfo = "Sips&Bites";
		};
/* End PBXContainerItemProxy section */

/* Begin PBXFileReference section */
		015EA78D2906D77700CEEED1 /* Sips&Bites.app */ = {isa = PBXFileReference; explicitFileType = wrapper.application; includeInIndex = 0; path = "Sips&Bites.app"; sourceTree = BUILT_PRODUCTS_DIR; };
		015EA7902906D77700CEEED1 /* AppDelegate.swift */ = {isa = PBXFileReference; lastKnownFileType = sourcecode.swift; path = AppDelegate.swift; sourceTree = "<group>"; };
		015EA7922906D77700CEEED1 /* SceneDelegate.swift */ = {isa = PBXFileReference; lastKnownFileType = sourcecode.swift; path = SceneDelegate.swift; sourceTree = "<group>"; };
		015EA7972906D77700CEEED1 /* Base */ = {isa = PBXFileReference; lastKnownFileType = file.storyboard; name = Base; path = Base.lproj/Main.storyboard; sourceTree = "<group>"; };
		015EA7992906D77800CEEED1 /* Assets.xcassets */ = {isa = PBXFileReference; lastKnownFileType = folder.assetcatalog; path = Assets.xcassets; sourceTree = "<group>"; };
		015EA79C2906D77800CEEED1 /* Base */ = {isa = PBXFileReference; lastKnownFileType = file.storyboard; name = Base; path = Base.lproj/LaunchScreen.storyboard; sourceTree = "<group>"; };
		015EA79E2906D77800CEEED1 /* Info.plist */ = {isa = PBXFileReference; lastKnownFileType = text.plist.xml; path = Info.plist; sourceTree = "<group>"; };
		015EA7A32906D77900CEEED1 /* Sips&BitesTests.xctest */ = {isa = PBXFileReference; explicitFileType = wrapper.cfbundle; includeInIndex = 0; path = "Sips&BitesTests.xctest"; sourceTree = BUILT_PRODUCTS_DIR; };
		015EA7A72906D77900CEEED1 /* Sips_BitesTests.swift */ = {isa = PBXFileReference; lastKnownFileType = sourcecode.swift; path = Sips_BitesTests.swift; sourceTree = "<group>"; };
		015EA7AD2906D77900CEEED1 /* Sips&BitesUITests.xctest */ = {isa = PBXFileReference; explicitFileType = wrapper.cfbundle; includeInIndex = 0; path = "Sips&BitesUITests.xctest"; sourceTree = BUILT_PRODUCTS_DIR; };
		015EA7B12906D77900CEEED1 /* Sips_BitesUITests.swift */ = {isa = PBXFileReference; lastKnownFileType = sourcecode.swift; path = Sips_BitesUITests.swift; sourceTree = "<group>"; };
		015EA7B32906D77900CEEED1 /* Sips_BitesUITestsLaunchTests.swift */ = {isa = PBXFileReference; lastKnownFileType = sourcecode.swift; path = Sips_BitesUITestsLaunchTests.swift; sourceTree = "<group>"; };
		015EA7C02906D7C500CEEED1 /* Sips&BitesVC.swift */ = {isa = PBXFileReference; lastKnownFileType = sourcecode.swift; path = "Sips&BitesVC.swift"; sourceTree = "<group>"; };
		015EA7C22906E73000CEEED1 /* menuVC.swift */ = {isa = PBXFileReference; lastKnownFileType = sourcecode.swift; path = menuVC.swift; sourceTree = "<group>"; };
		01A8B5D42907FEAC00FDE75E /* daniaVC.swift */ = {isa = PBXFileReference; lastKnownFileType = sourcecode.swift; path = daniaVC.swift; sourceTree = "<group>"; };
		01A8B5D62907FEBE00FDE75E /* cocktaileVC.swift */ = {isa = PBXFileReference; lastKnownFileType = sourcecode.swift; path = cocktaileVC.swift; sourceTree = "<group>"; };
		01A8B5D82907FED600FDE75E /* userVC.swift */ = {isa = PBXFileReference; lastKnownFileType = sourcecode.swift; path = userVC.swift; sourceTree = "<group>"; };
		981E431F291A992F00B4AA78 /* UzytkownikClass.swift */ = {isa = PBXFileReference; lastKnownFileType = sourcecode.swift; path = UzytkownikClass.swift; sourceTree = "<group>"; };
		988DEB9D2917E7A000FEF727 /* skladnikClass.swift */ = {isa = PBXFileReference; lastKnownFileType = sourcecode.swift; path = skladnikClass.swift; sourceTree = "<group>"; };
		988FDCD52916F4D3004F9470 /* QuestionableDesignChoices.swift */ = {isa = PBXFileReference; lastKnownFileType = sourcecode.swift; path = QuestionableDesignChoices.swift; sourceTree = "<group>"; };
		988FDCD92916FE1A004F9470 /* PrzepisClass.swift */ = {isa = PBXFileReference; lastKnownFileType = sourcecode.swift; path = PrzepisClass.swift; sourceTree = "<group>"; };
		98DD74C429194BD3008F602E /* DanieClass.swift */ = {isa = PBXFileReference; lastKnownFileType = sourcecode.swift; path = DanieClass.swift; sourceTree = "<group>"; };
		98DD74C629194CE5008F602E /* CocktailClass.swift */ = {isa = PBXFileReference; lastKnownFileType = sourcecode.swift; path = CocktailClass.swift; sourceTree = "<group>"; };
/* End PBXFileReference section */

/* Begin PBXFrameworksBuildPhase section */
		015EA78A2906D77700CEEED1 /* Frameworks */ = {
			isa = PBXFrameworksBuildPhase;
			buildActionMask = 2147483647;
			files = (
			);
			runOnlyForDeploymentPostprocessing = 0;
		};
		015EA7A02906D77900CEEED1 /* Frameworks */ = {
			isa = PBXFrameworksBuildPhase;
			buildActionMask = 2147483647;
			files = (
			);
			runOnlyForDeploymentPostprocessing = 0;
		};
		015EA7AA2906D77900CEEED1 /* Frameworks */ = {
			isa = PBXFrameworksBuildPhase;
			buildActionMask = 2147483647;
			files = (
			);
			runOnlyForDeploymentPostprocessing = 0;
		};
/* End PBXFrameworksBuildPhase section */

/* Begin PBXGroup section */
		015EA7842906D77600CEEED1 = {
			isa = PBXGroup;
			children = (
				015EA78F2906D77700CEEED1 /* Sips&Bites */,
				015EA7A62906D77900CEEED1 /* Sips&BitesTests */,
				015EA7B02906D77900CEEED1 /* Sips&BitesUITests */,
				015EA78E2906D77700CEEED1 /* Products */,
			);
			sourceTree = "<group>";
		};
		015EA78E2906D77700CEEED1 /* Products */ = {
			isa = PBXGroup;
			children = (
				015EA78D2906D77700CEEED1 /* Sips&Bites.app */,
				015EA7A32906D77900CEEED1 /* Sips&BitesTests.xctest */,
				015EA7AD2906D77900CEEED1 /* Sips&BitesUITests.xctest */,
			);
			name = Products;
			sourceTree = "<group>";
		};
		015EA78F2906D77700CEEED1 /* Sips&Bites */ = {
			isa = PBXGroup;
			children = (
				015EA7902906D77700CEEED1 /* AppDelegate.swift */,
				015EA7922906D77700CEEED1 /* SceneDelegate.swift */,
				015EA7C02906D7C500CEEED1 /* Sips&BitesVC.swift */,
				981E4323291A99CB00B4AA78 /* VCs */,
				981E4321291A99A700B4AA78 /* Klasy */,
				015EA7962906D77700CEEED1 /* Main.storyboard */,
				988FDCD52916F4D3004F9470 /* QuestionableDesignChoices.swift */,
				015EA7992906D77800CEEED1 /* Assets.xcassets */,
				015EA79B2906D77800CEEED1 /* LaunchScreen.storyboard */,
				015EA79E2906D77800CEEED1 /* Info.plist */,
			);
			path = "Sips&Bites";
			sourceTree = "<group>";
		};
		015EA7A62906D77900CEEED1 /* Sips&BitesTests */ = {
			isa = PBXGroup;
			children = (
				015EA7A72906D77900CEEED1 /* Sips_BitesTests.swift */,
			);
			path = "Sips&BitesTests";
			sourceTree = "<group>";
		};
		015EA7B02906D77900CEEED1 /* Sips&BitesUITests */ = {
			isa = PBXGroup;
			children = (
				015EA7B12906D77900CEEED1 /* Sips_BitesUITests.swift */,
				015EA7B32906D77900CEEED1 /* Sips_BitesUITestsLaunchTests.swift */,
			);
			path = "Sips&BitesUITests";
			sourceTree = "<group>";
		};
		981E4321291A99A700B4AA78 /* Klasy */ = {
			isa = PBXGroup;
			children = (
				98DD74C629194CE5008F602E /* CocktailClass.swift */,
				98DD74C429194BD3008F602E /* DanieClass.swift */,
				988FDCD92916FE1A004F9470 /* PrzepisClass.swift */,
				981E431F291A992F00B4AA78 /* UzytkownikClass.swift */,
				988DEB9D2917E7A000FEF727 /* skladnikClass.swift */,
			);
			path = Klasy;
			sourceTree = "<group>";
		};
		981E4323291A99CB00B4AA78 /* VCs */ = {
			isa = PBXGroup;
			children = (
				01A8B5D42907FEAC00FDE75E /* daniaVC.swift */,
				01A8B5D82907FED600FDE75E /* userVC.swift */,
				01A8B5D62907FEBE00FDE75E /* cocktaileVC.swift */,
				015EA7C22906E73000CEEED1 /* menuVC.swift */,
			);
			path = VCs;
			sourceTree = "<group>";
		};
/* End PBXGroup section */

/* Begin PBXNativeTarget section */
		015EA78C2906D77700CEEED1 /* Sips&Bites */ = {
			isa = PBXNativeTarget;
			buildConfigurationList = 015EA7B72906D77900CEEED1 /* Build configuration list for PBXNativeTarget "Sips&Bites" */;
			buildPhases = (
				015EA7892906D77700CEEED1 /* Sources */,
				015EA78A2906D77700CEEED1 /* Frameworks */,
				015EA78B2906D77700CEEED1 /* Resources */,
			);
			buildRules = (
			);
			dependencies = (
			);
			name = "Sips&Bites";
			productName = "Sips&Bites";
			productReference = 015EA78D2906D77700CEEED1 /* Sips&Bites.app */;
			productType = "com.apple.product-type.application";
		};
		015EA7A22906D77900CEEED1 /* Sips&BitesTests */ = {
			isa = PBXNativeTarget;
			buildConfigurationList = 015EA7BA2906D77900CEEED1 /* Build configuration list for PBXNativeTarget "Sips&BitesTests" */;
			buildPhases = (
				015EA79F2906D77900CEEED1 /* Sources */,
				015EA7A02906D77900CEEED1 /* Frameworks */,
				015EA7A12906D77900CEEED1 /* Resources */,
			);
			buildRules = (
			);
			dependencies = (
				015EA7A52906D77900CEEED1 /* PBXTargetDependency */,
			);
			name = "Sips&BitesTests";
			productName = "Sips&BitesTests";
			productReference = 015EA7A32906D77900CEEED1 /* Sips&BitesTests.xctest */;
			productType = "com.apple.product-type.bundle.unit-test";
		};
		015EA7AC2906D77900CEEED1 /* Sips&BitesUITests */ = {
			isa = PBXNativeTarget;
			buildConfigurationList = 015EA7BD2906D77900CEEED1 /* Build configuration list for PBXNativeTarget "Sips&BitesUITests" */;
			buildPhases = (
				015EA7A92906D77900CEEED1 /* Sources */,
				015EA7AA2906D77900CEEED1 /* Frameworks */,
				015EA7AB2906D77900CEEED1 /* Resources */,
			);
			buildRules = (
			);
			dependencies = (
				015EA7AF2906D77900CEEED1 /* PBXTargetDependency */,
			);
			name = "Sips&BitesUITests";
			productName = "Sips&BitesUITests";
			productReference = 015EA7AD2906D77900CEEED1 /* Sips&BitesUITests.xctest */;
			productType = "com.apple.product-type.bundle.ui-testing";
		};
/* End PBXNativeTarget section */

/* Begin PBXProject section */
		015EA7852906D77600CEEED1 /* Project object */ = {
			isa = PBXProject;
			attributes = {
				BuildIndependentTargetsInParallel = 1;
				LastSwiftUpdateCheck = 1400;
				LastUpgradeCheck = 1400;
				TargetAttributes = {
					015EA78C2906D77700CEEED1 = {
						CreatedOnToolsVersion = 14.0.1;
					};
					015EA7A22906D77900CEEED1 = {
						CreatedOnToolsVersion = 14.0.1;
						TestTargetID = 015EA78C2906D77700CEEED1;
					};
					015EA7AC2906D77900CEEED1 = {
						CreatedOnToolsVersion = 14.0.1;
						TestTargetID = 015EA78C2906D77700CEEED1;
					};
				};
			};
			buildConfigurationList = 015EA7882906D77600CEEED1 /* Build configuration list for PBXProject "Sips&Bites" */;
			compatibilityVersion = "Xcode 14.0";
			developmentRegion = en;
			hasScannedForEncodings = 0;
			knownRegions = (
				en,
				Base,
			);
			mainGroup = 015EA7842906D77600CEEED1;
			productRefGroup = 015EA78E2906D77700CEEED1 /* Products */;
			projectDirPath = "";
			projectRoot = "";
			targets = (
				015EA78C2906D77700CEEED1 /* Sips&Bites */,
				015EA7A22906D77900CEEED1 /* Sips&BitesTests */,
				015EA7AC2906D77900CEEED1 /* Sips&BitesUITests */,
			);
		};
/* End PBXProject section */

/* Begin PBXResourcesBuildPhase section */
		015EA78B2906D77700CEEED1 /* Resources */ = {
			isa = PBXResourcesBuildPhase;
			buildActionMask = 2147483647;
			files = (
				015EA79D2906D77800CEEED1 /* LaunchScreen.storyboard in Resources */,
				015EA79A2906D77800CEEED1 /* Assets.xcassets in Resources */,
				015EA7982906D77700CEEED1 /* Main.storyboard in Resources */,
			);
			runOnlyForDeploymentPostprocessing = 0;
		};
		015EA7A12906D77900CEEED1 /* Resources */ = {
			isa = PBXResourcesBuildPhase;
			buildActionMask = 2147483647;
			files = (
			);
			runOnlyForDeploymentPostprocessing = 0;
		};
		015EA7AB2906D77900CEEED1 /* Resources */ = {
			isa = PBXResourcesBuildPhase;
			buildActionMask = 2147483647;
			files = (
			);
			runOnlyForDeploymentPostprocessing = 0;
		};
/* End PBXResourcesBuildPhase section */

/* Begin PBXSourcesBuildPhase section */
		015EA7892906D77700CEEED1 /* Sources */ = {
			isa = PBXSourcesBuildPhase;
			buildActionMask = 2147483647;
			files = (
				01A8B5D72907FEBE00FDE75E /* cocktaileVC.swift in Sources */,
				01A8B5D92907FED600FDE75E /* userVC.swift in Sources */,
				98DD74C729194CE5008F602E /* CocktailClass.swift in Sources */,
				015EA7912906D77700CEEED1 /* AppDelegate.swift in Sources */,
				988FDCDA2916FE1A004F9470 /* PrzepisClass.swift in Sources */,
				015EA7C32906E73000CEEED1 /* menuVC.swift in Sources */,
				988DEB9E2917E7A000FEF727 /* skladnikClass.swift in Sources */,
				981E4320291A992F00B4AA78 /* UzytkownikClass.swift in Sources */,
				015EA7932906D77700CEEED1 /* SceneDelegate.swift in Sources */,
				015EA7C12906D7C500CEEED1 /* Sips&BitesVC.swift in Sources */,
				98DD74C529194BD3008F602E /* DanieClass.swift in Sources */,
				988FDCD62916F4D3004F9470 /* QuestionableDesignChoices.swift in Sources */,
				01A8B5D52907FEAD00FDE75E /* daniaVC.swift in Sources */,
			);
			runOnlyForDeploymentPostprocessing = 0;
		};
		015EA79F2906D77900CEEED1 /* Sources */ = {
			isa = PBXSourcesBuildPhase;
			buildActionMask = 2147483647;
			files = (
				015EA7A82906D77900CEEED1 /* Sips_BitesTests.swift in Sources */,
			);
			runOnlyForDeploymentPostprocessing = 0;
		};
		015EA7A92906D77900CEEED1 /* Sources */ = {
			isa = PBXSourcesBuildPhase;
			buildActionMask = 2147483647;
			files = (
				015EA7B22906D77900CEEED1 /* Sips_BitesUITests.swift in Sources */,
				015EA7B42906D77900CEEED1 /* Sips_BitesUITestsLaunchTests.swift in Sources */,
			);
			runOnlyForDeploymentPostprocessing = 0;
		};
/* End PBXSourcesBuildPhase section */

/* Begin PBXTargetDependency section */
		015EA7A52906D77900CEEED1 /* PBXTargetDependency */ = {
			isa = PBXTargetDependency;
			target = 015EA78C2906D77700CEEED1 /* Sips&Bites */;
			targetProxy = 015EA7A42906D77900CEEED1 /* PBXContainerItemProxy */;
		};
		015EA7AF2906D77900CEEED1 /* PBXTargetDependency */ = {
			isa = PBXTargetDependency;
			target = 015EA78C2906D77700CEEED1 /* Sips&Bites */;
			targetProxy = 015EA7AE2906D77900CEEED1 /* PBXContainerItemProxy */;
		};
/* End PBXTargetDependency section */

/* Begin PBXVariantGroup section */
		015EA7962906D77700CEEED1 /* Main.storyboard */ = {
			isa = PBXVariantGroup;
			children = (
				015EA7972906D77700CEEED1 /* Base */,
			);
			name = Main.storyboard;
			sourceTree = "<group>";
		};
		015EA79B2906D77800CEEED1 /* LaunchScreen.storyboard */ = {
			isa = PBXVariantGroup;
			children = (
				015EA79C2906D77800CEEED1 /* Base */,
			);
			name = LaunchScreen.storyboard;
			sourceTree = "<group>";
		};
/* End PBXVariantGroup section */

/* Begin XCBuildConfiguration section */
		015EA7B52906D77900CEEED1 /* Debug */ = {
			isa = XCBuildConfiguration;
			buildSettings = {
				ALWAYS_SEARCH_USER_PATHS = NO;
				CLANG_ANALYZER_NONNULL = YES;
				CLANG_ANALYZER_NUMBER_OBJECT_CONVERSION = YES_AGGRESSIVE;
				CLANG_CXX_LANGUAGE_STANDARD = "gnu++20";
				CLANG_ENABLE_MODULES = YES;
				CLANG_ENABLE_OBJC_ARC = YES;
				CLANG_ENABLE_OBJC_WEAK = YES;
				CLANG_WARN_BLOCK_CAPTURE_AUTORELEASING = YES;
				CLANG_WARN_BOOL_CONVERSION = YES;
				CLANG_WARN_COMMA = YES;
				CLANG_WARN_CONSTANT_CONVERSION = YES;
				CLANG_WARN_DEPRECATED_OBJC_IMPLEMENTATIONS = YES;
				CLANG_WARN_DIRECT_OBJC_ISA_USAGE = YES_ERROR;
				CLANG_WARN_DOCUMENTATION_COMMENTS = YES;
				CLANG_WARN_EMPTY_BODY = YES;
				CLANG_WARN_ENUM_CONVERSION = YES;
				CLANG_WARN_INFINITE_RECURSION = YES;
				CLANG_WARN_INT_CONVERSION = YES;
				CLANG_WARN_NON_LITERAL_NULL_CONVERSION = YES;
				CLANG_WARN_OBJC_IMPLICIT_RETAIN_SELF = YES;
				CLANG_WARN_OBJC_LITERAL_CONVERSION = YES;
				CLANG_WARN_OBJC_ROOT_CLASS = YES_ERROR;
				CLANG_WARN_QUOTED_INCLUDE_IN_FRAMEWORK_HEADER = YES;
				CLANG_WARN_RANGE_LOOP_ANALYSIS = YES;
				CLANG_WARN_STRICT_PROTOTYPES = YES;
				CLANG_WARN_SUSPICIOUS_MOVE = YES;
				CLANG_WARN_UNGUARDED_AVAILABILITY = YES_AGGRESSIVE;
				CLANG_WARN_UNREACHABLE_CODE = YES;
				CLANG_WARN__DUPLICATE_METHOD_MATCH = YES;
				COPY_PHASE_STRIP = NO;
				DEBUG_INFORMATION_FORMAT = dwarf;
				ENABLE_STRICT_OBJC_MSGSEND = YES;
				ENABLE_TESTABILITY = YES;
				GCC_C_LANGUAGE_STANDARD = gnu11;
				GCC_DYNAMIC_NO_PIC = NO;
				GCC_NO_COMMON_BLOCKS = YES;
				GCC_OPTIMIZATION_LEVEL = 0;
				GCC_PREPROCESSOR_DEFINITIONS = (
					"DEBUG=1",
					"$(inherited)",
				);
				GCC_WARN_64_TO_32_BIT_CONVERSION = YES;
				GCC_WARN_ABOUT_RETURN_TYPE = YES_ERROR;
				GCC_WARN_UNDECLARED_SELECTOR = YES;
				GCC_WARN_UNINITIALIZED_AUTOS = YES_AGGRESSIVE;
				GCC_WARN_UNUSED_FUNCTION = YES;
				GCC_WARN_UNUSED_VARIABLE = YES;
				IPHONEOS_DEPLOYMENT_TARGET = 16.0;
				MTL_ENABLE_DEBUG_INFO = INCLUDE_SOURCE;
				MTL_FAST_MATH = YES;
				ONLY_ACTIVE_ARCH = YES;
				SDKROOT = iphoneos;
				SWIFT_ACTIVE_COMPILATION_CONDITIONS = DEBUG;
				SWIFT_OPTIMIZATION_LEVEL = "-Onone";
			};
			name = Debug;
		};
		015EA7B62906D77900CEEED1 /* Release */ = {
			isa = XCBuildConfiguration;
			buildSettings = {
				ALWAYS_SEARCH_USER_PATHS = NO;
				CLANG_ANALYZER_NONNULL = YES;
				CLANG_ANALYZER_NUMBER_OBJECT_CONVERSION = YES_AGGRESSIVE;
				CLANG_CXX_LANGUAGE_STANDARD = "gnu++20";
				CLANG_ENABLE_MODULES = YES;
				CLANG_ENABLE_OBJC_ARC = YES;
				CLANG_ENABLE_OBJC_WEAK = YES;
				CLANG_WARN_BLOCK_CAPTURE_AUTORELEASING = YES;
				CLANG_WARN_BOOL_CONVERSION = YES;
				CLANG_WARN_COMMA = YES;
				CLANG_WARN_CONSTANT_CONVERSION = YES;
				CLANG_WARN_DEPRECATED_OBJC_IMPLEMENTATIONS = YES;
				CLANG_WARN_DIRECT_OBJC_ISA_USAGE = YES_ERROR;
				CLANG_WARN_DOCUMENTATION_COMMENTS = YES;
				CLANG_WARN_EMPTY_BODY = YES;
				CLANG_WARN_ENUM_CONVERSION = YES;
				CLANG_WARN_INFINITE_RECURSION = YES;
				CLANG_WARN_INT_CONVERSION = YES;
				CLANG_WARN_NON_LITERAL_NULL_CONVERSION = YES;
				CLANG_WARN_OBJC_IMPLICIT_RETAIN_SELF = YES;
				CLANG_WARN_OBJC_LITERAL_CONVERSION = YES;
				CLANG_WARN_OBJC_ROOT_CLASS = YES_ERROR;
				CLANG_WARN_QUOTED_INCLUDE_IN_FRAMEWORK_HEADER = YES;
				CLANG_WARN_RANGE_LOOP_ANALYSIS = YES;
				CLANG_WARN_STRICT_PROTOTYPES = YES;
				CLANG_WARN_SUSPICIOUS_MOVE = YES;
				CLANG_WARN_UNGUARDED_AVAILABILITY = YES_AGGRESSIVE;
				CLANG_WARN_UNREACHABLE_CODE = YES;
				CLANG_WARN__DUPLICATE_METHOD_MATCH = YES;
				COPY_PHASE_STRIP = NO;
				DEBUG_INFORMATION_FORMAT = "dwarf-with-dsym";
				ENABLE_NS_ASSERTIONS = NO;
				ENABLE_STRICT_OBJC_MSGSEND = YES;
				GCC_C_LANGUAGE_STANDARD = gnu11;
				GCC_NO_COMMON_BLOCKS = YES;
				GCC_WARN_64_TO_32_BIT_CONVERSION = YES;
				GCC_WARN_ABOUT_RETURN_TYPE = YES_ERROR;
				GCC_WARN_UNDECLARED_SELECTOR = YES;
				GCC_WARN_UNINITIALIZED_AUTOS = YES_AGGRESSIVE;
				GCC_WARN_UNUSED_FUNCTION = YES;
				GCC_WARN_UNUSED_VARIABLE = YES;
				IPHONEOS_DEPLOYMENT_TARGET = 16.0;
				MTL_ENABLE_DEBUG_INFO = NO;
				MTL_FAST_MATH = YES;
				SDKROOT = iphoneos;
				SWIFT_COMPILATION_MODE = wholemodule;
				SWIFT_OPTIMIZATION_LEVEL = "-O";
				VALIDATE_PRODUCT = YES;
			};
			name = Release;
		};
		015EA7B82906D77900CEEED1 /* Debug */ = {
			isa = XCBuildConfiguration;
			buildSettings = {
				ASSETCATALOG_COMPILER_APPICON_NAME = AppIcon;
				ASSETCATALOG_COMPILER_GLOBAL_ACCENT_COLOR_NAME = AccentColor;
				CODE_SIGN_STYLE = Automatic;
				CURRENT_PROJECT_VERSION = 1;
				DEVELOPMENT_TEAM = MGFFV5UPUD;
				GENERATE_INFOPLIST_FILE = YES;
				INFOPLIST_FILE = "Sips&Bites/Info.plist";
				INFOPLIST_KEY_UIApplicationSupportsIndirectInputEvents = YES;
				INFOPLIST_KEY_UILaunchStoryboardName = LaunchScreen;
				INFOPLIST_KEY_UIMainStoryboardFile = Main;
				INFOPLIST_KEY_UISupportedInterfaceOrientations_iPad = "UIInterfaceOrientationPortrait UIInterfaceOrientationPortraitUpsideDown UIInterfaceOrientationLandscapeLeft UIInterfaceOrientationLandscapeRight";
				INFOPLIST_KEY_UISupportedInterfaceOrientations_iPhone = "UIInterfaceOrientationPortrait UIInterfaceOrientationLandscapeLeft UIInterfaceOrientationLandscapeRight";
				IPHONEOS_DEPLOYMENT_TARGET = 14.7;
				LD_RUNPATH_SEARCH_PATHS = (
					"$(inherited)",
					"@executable_path/Frameworks",
				);
				MARKETING_VERSION = 1.0;
				PRODUCT_BUNDLE_IDENTIFIER = "Pawe--Ciach.Sips-Bites";
				PRODUCT_NAME = "$(TARGET_NAME)";
				SWIFT_EMIT_LOC_STRINGS = YES;
				SWIFT_VERSION = 5.0;
				TARGETED_DEVICE_FAMILY = "1,2";
			};
			name = Debug;
		};
		015EA7B92906D77900CEEED1 /* Release */ = {
			isa = XCBuildConfiguration;
			buildSettings = {
				ASSETCATALOG_COMPILER_APPICON_NAME = AppIcon;
				ASSETCATALOG_COMPILER_GLOBAL_ACCENT_COLOR_NAME = AccentColor;
				CODE_SIGN_STYLE = Automatic;
				CURRENT_PROJECT_VERSION = 1;
				DEVELOPMENT_TEAM = MGFFV5UPUD;
				GENERATE_INFOPLIST_FILE = YES;
				INFOPLIST_FILE = "Sips&Bites/Info.plist";
				INFOPLIST_KEY_UIApplicationSupportsIndirectInputEvents = YES;
				INFOPLIST_KEY_UILaunchStoryboardName = LaunchScreen;
				INFOPLIST_KEY_UIMainStoryboardFile = Main;
				INFOPLIST_KEY_UISupportedInterfaceOrientations_iPad = "UIInterfaceOrientationPortrait UIInterfaceOrientationPortraitUpsideDown UIInterfaceOrientationLandscapeLeft UIInterfaceOrientationLandscapeRight";
				INFOPLIST_KEY_UISupportedInterfaceOrientations_iPhone = "UIInterfaceOrientationPortrait UIInterfaceOrientationLandscapeLeft UIInterfaceOrientationLandscapeRight";
				IPHONEOS_DEPLOYMENT_TARGET = 14.7;
				LD_RUNPATH_SEARCH_PATHS = (
					"$(inherited)",
					"@executable_path/Frameworks",
				);
				MARKETING_VERSION = 1.0;
				PRODUCT_BUNDLE_IDENTIFIER = "Pawe--Ciach.Sips-Bites";
				PRODUCT_NAME = "$(TARGET_NAME)";
				SWIFT_EMIT_LOC_STRINGS = YES;
				SWIFT_VERSION = 5.0;
				TARGETED_DEVICE_FAMILY = "1,2";
			};
			name = Release;
		};
		015EA7BB2906D77900CEEED1 /* Debug */ = {
			isa = XCBuildConfiguration;
			buildSettings = {
				ALWAYS_EMBED_SWIFT_STANDARD_LIBRARIES = YES;
				BUNDLE_LOADER = "$(TEST_HOST)";
				CODE_SIGN_STYLE = Automatic;
				CURRENT_PROJECT_VERSION = 1;
				GENERATE_INFOPLIST_FILE = YES;
				IPHONEOS_DEPLOYMENT_TARGET = 16.0;
				MARKETING_VERSION = 1.0;
				PRODUCT_BUNDLE_IDENTIFIER = "Pawe--Ciach.Sips-BitesTests";
				PRODUCT_NAME = "$(TARGET_NAME)";
				SWIFT_EMIT_LOC_STRINGS = NO;
				SWIFT_VERSION = 5.0;
				TARGETED_DEVICE_FAMILY = "1,2";
				TEST_HOST = "$(BUILT_PRODUCTS_DIR)/Sips&Bites.app/$(BUNDLE_EXECUTABLE_FOLDER_PATH)/Sips&Bites";
			};
			name = Debug;
		};
		015EA7BC2906D77900CEEED1 /* Release */ = {
			isa = XCBuildConfiguration;
			buildSettings = {
				ALWAYS_EMBED_SWIFT_STANDARD_LIBRARIES = YES;
				BUNDLE_LOADER = "$(TEST_HOST)";
				CODE_SIGN_STYLE = Automatic;
				CURRENT_PROJECT_VERSION = 1;
				GENERATE_INFOPLIST_FILE = YES;
				IPHONEOS_DEPLOYMENT_TARGET = 16.0;
				MARKETING_VERSION = 1.0;
				PRODUCT_BUNDLE_IDENTIFIER = "Pawe--Ciach.Sips-BitesTests";
				PRODUCT_NAME = "$(TARGET_NAME)";
				SWIFT_EMIT_LOC_STRINGS = NO;
				SWIFT_VERSION = 5.0;
				TARGETED_DEVICE_FAMILY = "1,2";
				TEST_HOST = "$(BUILT_PRODUCTS_DIR)/Sips&Bites.app/$(BUNDLE_EXECUTABLE_FOLDER_PATH)/Sips&Bites";
			};
			name = Release;
		};
		015EA7BE2906D77900CEEED1 /* Debug */ = {
			isa = XCBuildConfiguration;
			buildSettings = {
				ALWAYS_EMBED_SWIFT_STANDARD_LIBRARIES = YES;
				CODE_SIGN_STYLE = Automatic;
				CURRENT_PROJECT_VERSION = 1;
				GENERATE_INFOPLIST_FILE = YES;
				MARKETING_VERSION = 1.0;
				PRODUCT_BUNDLE_IDENTIFIER = "Pawe--Ciach.Sips-BitesUITests";
				PRODUCT_NAME = "$(TARGET_NAME)";
				SWIFT_EMIT_LOC_STRINGS = NO;
				SWIFT_VERSION = 5.0;
				TARGETED_DEVICE_FAMILY = "1,2";
				TEST_TARGET_NAME = "Sips&Bites";
			};
			name = Debug;
		};
		015EA7BF2906D77900CEEED1 /* Release */ = {
			isa = XCBuildConfiguration;
			buildSettings = {
				ALWAYS_EMBED_SWIFT_STANDARD_LIBRARIES = YES;
				CODE_SIGN_STYLE = Automatic;
				CURRENT_PROJECT_VERSION = 1;
				GENERATE_INFOPLIST_FILE = YES;
				MARKETING_VERSION = 1.0;
				PRODUCT_BUNDLE_IDENTIFIER = "Pawe--Ciach.Sips-BitesUITests";
				PRODUCT_NAME = "$(TARGET_NAME)";
				SWIFT_EMIT_LOC_STRINGS = NO;
				SWIFT_VERSION = 5.0;
				TARGETED_DEVICE_FAMILY = "1,2";
				TEST_TARGET_NAME = "Sips&Bites";
			};
			name = Release;
		};
/* End XCBuildConfiguration section */

/* Begin XCConfigurationList section */
		015EA7882906D77600CEEED1 /* Build configuration list for PBXProject "Sips&Bites" */ = {
			isa = XCConfigurationList;
			buildConfigurations = (
				015EA7B52906D77900CEEED1 /* Debug */,
				015EA7B62906D77900CEEED1 /* Release */,
			);
			defaultConfigurationIsVisible = 0;
			defaultConfigurationName = Release;
		};
		015EA7B72906D77900CEEED1 /* Build configuration list for PBXNativeTarget "Sips&Bites" */ = {
			isa = XCConfigurationList;
			buildConfigurations = (
				015EA7B82906D77900CEEED1 /* Debug */,
				015EA7B92906D77900CEEED1 /* Release */,
			);
			defaultConfigurationIsVisible = 0;
			defaultConfigurationName = Release;
		};
		015EA7BA2906D77900CEEED1 /* Build configuration list for PBXNativeTarget "Sips&BitesTests" */ = {
			isa = XCConfigurationList;
			buildConfigurations = (
				015EA7BB2906D77900CEEED1 /* Debug */,
				015EA7BC2906D77900CEEED1 /* Release */,
			);
			defaultConfigurationIsVisible = 0;
			defaultConfigurationName = Release;
		};
		015EA7BD2906D77900CEEED1 /* Build configuration list for PBXNativeTarget "Sips&BitesUITests" */ = {
			isa = XCConfigurationList;
			buildConfigurations = (
				015EA7BE2906D77900CEEED1 /* Debug */,
				015EA7BF2906D77900CEEED1 /* Release */,
			);
			defaultConfigurationIsVisible = 0;
			defaultConfigurationName = Release;
		};
/* End XCConfigurationList section */
	};
	rootObject = 015EA7852906D77600CEEED1 /* Project object */;
}
